// !$*UTF8*$!
{
	archiveVersion = 1;
	classes = {
	};
	objectVersion = 46;
	objects = {

/* Begin PBXBuildFile section */
		2D649E921CD09B3A004E2BD6 /* AppDelegate.swift in Sources */ = {isa = PBXBuildFile; fileRef = 2D649E911CD09B3A004E2BD6 /* AppDelegate.swift */; };
		2D649E941CD09B3A004E2BD6 /* ViewController.swift in Sources */ = {isa = PBXBuildFile; fileRef = 2D649E931CD09B3A004E2BD6 /* ViewController.swift */; };
		2D649E971CD09B3A004E2BD6 /* Main.storyboard in Resources */ = {isa = PBXBuildFile; fileRef = 2D649E951CD09B3A004E2BD6 /* Main.storyboard */; };
		2D649E991CD09B3A004E2BD6 /* Assets.xcassets in Resources */ = {isa = PBXBuildFile; fileRef = 2D649E981CD09B3A004E2BD6 /* Assets.xcassets */; };
		2D649E9C1CD09B3A004E2BD6 /* LaunchScreen.storyboard in Resources */ = {isa = PBXBuildFile; fileRef = 2D649E9A1CD09B3A004E2BD6 /* LaunchScreen.storyboard */; };
		2D649EA71CD09B3A004E2BD6 /* _1_Deleting_and_RearrangingTests.swift in Sources */ = {isa = PBXBuildFile; fileRef = 2D649EA61CD09B3A004E2BD6 /* _1_Deleting_and_RearrangingTests.swift */; };
		2D649EB21CD09B3A004E2BD6 /* _1_Deleting_and_RearrangingUITests.swift in Sources */ = {isa = PBXBuildFile; fileRef = 2D649EB11CD09B3A004E2BD6 /* _1_Deleting_and_RearrangingUITests.swift */; };
/* End PBXBuildFile section */

/* Begin PBXContainerItemProxy section */
		2D649EA31CD09B3A004E2BD6 /* PBXContainerItemProxy */ = {
			isa = PBXContainerItemProxy;
			containerPortal = 2D649E861CD09B3A004E2BD6 /* Project object */;
			proxyType = 1;
			remoteGlobalIDString = 2D649E8D1CD09B3A004E2BD6;
			remoteInfo = "11-Deleting and Rearranging";
		};
		2D649EAE1CD09B3A004E2BD6 /* PBXContainerItemProxy */ = {
			isa = PBXContainerItemProxy;
			containerPortal = 2D649E861CD09B3A004E2BD6 /* Project object */;
			proxyType = 1;
			remoteGlobalIDString = 2D649E8D1CD09B3A004E2BD6;
			remoteInfo = "11-Deleting and Rearranging";
		};
/* End PBXContainerItemProxy section */

/* Begin PBXFileReference section */
		2D649E8E1CD09B3A004E2BD6 /* 11-Deleting and Rearranging.app */ = {isa = PBXFileReference; explicitFileType = wrapper.application; includeInIndex = 0; path = "11-Deleting and Rearranging.app"; sourceTree = BUILT_PRODUCTS_DIR; };
		2D649E911CD09B3A004E2BD6 /* AppDelegate.swift */ = {isa = PBXFileReference; lastKnownFileType = sourcecode.swift; path = AppDelegate.swift; sourceTree = "<group>"; };
		2D649E931CD09B3A004E2BD6 /* ViewController.swift */ = {isa = PBXFileReference; lastKnownFileType = sourcecode.swift; path = ViewController.swift; sourceTree = "<group>"; };
		2D649E961CD09B3A004E2BD6 /* Base */ = {isa = PBXFileReference; lastKnownFileType = file.storyboard; name = Base; path = Base.lproj/Main.storyboard; sourceTree = "<group>"; };
		2D649E981CD09B3A004E2BD6 /* Assets.xcassets */ = {isa = PBXFileReference; lastKnownFileType = folder.assetcatalog; path = Assets.xcassets; sourceTree = "<group>"; };
		2D649E9B1CD09B3A004E2BD6 /* Base */ = {isa = PBXFileReference; lastKnownFileType = file.storyboard; name = Base; path = Base.lproj/LaunchScreen.storyboard; sourceTree = "<group>"; };
		2D649E9D1CD09B3A004E2BD6 /* Info.plist */ = {isa = PBXFileReference; lastKnownFileType = text.plist.xml; path = Info.plist; sourceTree = "<group>"; };
		2D649EA21CD09B3A004E2BD6 /* 11-Deleting and RearrangingTests.xctest */ = {isa = PBXFileReference; explicitFileType = wrapper.cfbundle; includeInIndex = 0; path = "11-Deleting and RearrangingTests.xctest"; sourceTree = BUILT_PRODUCTS_DIR; };
		2D649EA61CD09B3A004E2BD6 /* _1_Deleting_and_RearrangingTests.swift */ = {isa = PBXFileReference; lastKnownFileType = sourcecode.swift; path = _1_Deleting_and_RearrangingTests.swift; sourceTree = "<group>"; };
		2D649EA81CD09B3A004E2BD6 /* Info.plist */ = {isa = PBXFileReference; lastKnownFileType = text.plist.xml; path = Info.plist; sourceTree = "<group>"; };
		2D649EAD1CD09B3A004E2BD6 /* 11-Deleting and RearrangingUITests.xctest */ = {isa = PBXFileReference; explicitFileType = wrapper.cfbundle; includeInIndex = 0; path = "11-Deleting and RearrangingUITests.xctest"; sourceTree = BUILT_PRODUCTS_DIR; };
		2D649EB11CD09B3A004E2BD6 /* _1_Deleting_and_RearrangingUITests.swift */ = {isa = PBXFileReference; lastKnownFileType = sourcecode.swift; path = _1_Deleting_and_RearrangingUITests.swift; sourceTree = "<group>"; };
		2D649EB31CD09B3A004E2BD6 /* Info.plist */ = {isa = PBXFileReference; lastKnownFileType = text.plist.xml; path = Info.plist; sourceTree = "<group>"; };
/* End PBXFileReference section */

/* Begin PBXFrameworksBuildPhase section */
		2D649E8B1CD09B3A004E2BD6 /* Frameworks */ = {
			isa = PBXFrameworksBuildPhase;
			buildActionMask = 2147483647;
			files = (
			);
			runOnlyForDeploymentPostprocessing = 0;
		};
		2D649E9F1CD09B3A004E2BD6 /* Frameworks */ = {
			isa = PBXFrameworksBuildPhase;
			buildActionMask = 2147483647;
			files = (
			);
			runOnlyForDeploymentPostprocessing = 0;
		};
		2D649EAA1CD09B3A004E2BD6 /* Frameworks */ = {
			isa = PBXFrameworksBuildPhase;
			buildActionMask = 2147483647;
			files = (
			);
			runOnlyForDeploymentPostprocessing = 0;
		};
/* End PBXFrameworksBuildPhase section */

/* Begin PBXGroup section */
		2D649E851CD09B3A004E2BD6 = {
			isa = PBXGroup;
			children = (
				2D649E901CD09B3A004E2BD6 /* 11-Deleting and Rearranging */,
				2D649EA51CD09B3A004E2BD6 /* 11-Deleting and RearrangingTests */,
				2D649EB01CD09B3A004E2BD6 /* 11-Deleting and RearrangingUITests */,
				2D649E8F1CD09B3A004E2BD6 /* Products */,
			);
			sourceTree = "<group>";
		};
		2D649E8F1CD09B3A004E2BD6 /* Products */ = {
			isa = PBXGroup;
			children = (
				2D649E8E1CD09B3A004E2BD6 /* 11-Deleting and Rearranging.app */,
				2D649EA21CD09B3A004E2BD6 /* 11-Deleting and RearrangingTests.xctest */,
				2D649EAD1CD09B3A004E2BD6 /* 11-Deleting and RearrangingUITests.xctest */,
			);
			name = Products;
			sourceTree = "<group>";
		};
		2D649E901CD09B3A004E2BD6 /* 11-Deleting and Rearranging */ = {
			isa = PBXGroup;
			children = (
				2D649E911CD09B3A004E2BD6 /* AppDelegate.swift */,
				2D649E931CD09B3A004E2BD6 /* ViewController.swift */,
				2D649E951CD09B3A004E2BD6 /* Main.storyboard */,
				2D649E981CD09B3A004E2BD6 /* Assets.xcassets */,
				2D649E9A1CD09B3A004E2BD6 /* LaunchScreen.storyboard */,
				2D649E9D1CD09B3A004E2BD6 /* Info.plist */,
			);
			path = "11-Deleting and Rearranging";
			sourceTree = "<group>";
		};
		2D649EA51CD09B3A004E2BD6 /* 11-Deleting and RearrangingTests */ = {
			isa = PBXGroup;
			children = (
				2D649EA61CD09B3A004E2BD6 /* _1_Deleting_and_RearrangingTests.swift */,
				2D649EA81CD09B3A004E2BD6 /* Info.plist */,
			);
			path = "11-Deleting and RearrangingTests";
			sourceTree = "<group>";
		};
		2D649EB01CD09B3A004E2BD6 /* 11-Deleting and RearrangingUITests */ = {
			isa = PBXGroup;
			children = (
				2D649EB11CD09B3A004E2BD6 /* _1_Deleting_and_RearrangingUITests.swift */,
				2D649EB31CD09B3A004E2BD6 /* Info.plist */,
			);
			path = "11-Deleting and RearrangingUITests";
			sourceTree = "<group>";
		};
/* End PBXGroup section */

/* Begin PBXNativeTarget section */
		2D649E8D1CD09B3A004E2BD6 /* 11-Deleting and Rearranging */ = {
			isa = PBXNativeTarget;
			buildConfigurationList = 2D649EB61CD09B3A004E2BD6 /* Build configuration list for PBXNativeTarget "11-Deleting and Rearranging" */;
			buildPhases = (
				2D649E8A1CD09B3A004E2BD6 /* Sources */,
				2D649E8B1CD09B3A004E2BD6 /* Frameworks */,
				2D649E8C1CD09B3A004E2BD6 /* Resources */,
			);
			buildRules = (
			);
			dependencies = (
			);
			name = "11-Deleting and Rearranging";
			productName = "11-Deleting and Rearranging";
			productReference = 2D649E8E1CD09B3A004E2BD6 /* 11-Deleting and Rearranging.app */;
			productType = "com.apple.product-type.application";
		};
		2D649EA11CD09B3A004E2BD6 /* 11-Deleting and RearrangingTests */ = {
			isa = PBXNativeTarget;
			buildConfigurationList = 2D649EB91CD09B3A004E2BD6 /* Build configuration list for PBXNativeTarget "11-Deleting and RearrangingTests" */;
			buildPhases = (
				2D649E9E1CD09B3A004E2BD6 /* Sources */,
				2D649E9F1CD09B3A004E2BD6 /* Frameworks */,
				2D649EA01CD09B3A004E2BD6 /* Resources */,
			);
			buildRules = (
			);
			dependencies = (
				2D649EA41CD09B3A004E2BD6 /* PBXTargetDependency */,
			);
			name = "11-Deleting and RearrangingTests";
			productName = "11-Deleting and RearrangingTests";
			productReference = 2D649EA21CD09B3A004E2BD6 /* 11-Deleting and RearrangingTests.xctest */;
			productType = "com.apple.product-type.bundle.unit-test";
		};
		2D649EAC1CD09B3A004E2BD6 /* 11-Deleting and RearrangingUITests */ = {
			isa = PBXNativeTarget;
			buildConfigurationList = 2D649EBC1CD09B3A004E2BD6 /* Build configuration list for PBXNativeTarget "11-Deleting and RearrangingUITests" */;
			buildPhases = (
				2D649EA91CD09B3A004E2BD6 /* Sources */,
				2D649EAA1CD09B3A004E2BD6 /* Frameworks */,
				2D649EAB1CD09B3A004E2BD6 /* Resources */,
			);
			buildRules = (
			);
			dependencies = (
				2D649EAF1CD09B3A004E2BD6 /* PBXTargetDependency */,
			);
			name = "11-Deleting and RearrangingUITests";
			productName = "11-Deleting and RearrangingUITests";
			productReference = 2D649EAD1CD09B3A004E2BD6 /* 11-Deleting and RearrangingUITests.xctest */;
			productType = "com.apple.product-type.bundle.ui-testing";
		};
/* End PBXNativeTarget section */

/* Begin PBXProject section */
		2D649E861CD09B3A004E2BD6 /* Project object */ = {
			isa = PBXProject;
			attributes = {
				LastSwiftUpdateCheck = 0730;
				LastUpgradeCheck = 0730;
				ORGANIZATIONNAME = 17Life;
				TargetAttributes = {
					2D649E8D1CD09B3A004E2BD6 = {
						CreatedOnToolsVersion = 7.3;
					};
					2D649EA11CD09B3A004E2BD6 = {
						CreatedOnToolsVersion = 7.3;
						TestTargetID = 2D649E8D1CD09B3A004E2BD6;
					};
					2D649EAC1CD09B3A004E2BD6 = {
						CreatedOnToolsVersion = 7.3;
						TestTargetID = 2D649E8D1CD09B3A004E2BD6;
					};
				};
			};
			buildConfigurationList = 2D649E891CD09B3A004E2BD6 /* Build configuration list for PBXProject "11-Deleting and Rearranging" */;
			compatibilityVersion = "Xcode 3.2";
			developmentRegion = English;
			hasScannedForEncodings = 0;
			knownRegions = (
				en,
				Base,
			);
			mainGroup = 2D649E851CD09B3A004E2BD6;
			productRefGroup = 2D649E8F1CD09B3A004E2BD6 /* Products */;
			projectDirPath = "";
			projectRoot = "";
			targets = (
				2D649E8D1CD09B3A004E2BD6 /* 11-Deleting and Rearranging */,
				2D649EA11CD09B3A004E2BD6 /* 11-Deleting and RearrangingTests */,
				2D649EAC1CD09B3A004E2BD6 /* 11-Deleting and RearrangingUITests */,
			);
		};
/* End PBXProject section */

/* Begin PBXResourcesBuildPhase section */
		2D649E8C1CD09B3A004E2BD6 /* Resources */ = {
			isa = PBXResourcesBuildPhase;
			buildActionMask = 2147483647;
			files = (
				2D649E9C1CD09B3A004E2BD6 /* LaunchScreen.storyboard in Resources */,
				2D649E991CD09B3A004E2BD6 /* Assets.xcassets in Resources */,
				2D649E971CD09B3A004E2BD6 /* Main.storyboard in Resources */,
			);
			runOnlyForDeploymentPostprocessing = 0;
		};
		2D649EA01CD09B3A004E2BD6 /* Resources */ = {
			isa = PBXResourcesBuildPhase;
			buildActionMask = 2147483647;
			files = (
			);
			runOnlyForDeploymentPostprocessing = 0;
		};
		2D649EAB1CD09B3A004E2BD6 /* Resources */ = {
			isa = PBXResourcesBuildPhase;
			buildActionMask = 2147483647;
			files = (
			);
			runOnlyForDeploymentPostprocessing = 0;
		};
/* End PBXResourcesBuildPhase section */

/* Begin PBXSourcesBuildPhase section */
		2D649E8A1CD09B3A004E2BD6 /* Sources */ = {
			isa = PBXSourcesBuildPhase;
			buildActionMask = 2147483647;
			files = (
				2D649E941CD09B3A004E2BD6 /* ViewController.swift in Sources */,
				2D649E921CD09B3A004E2BD6 /* AppDelegate.swift in Sources */,
			);
			runOnlyForDeploymentPostprocessing = 0;
		};
		2D649E9E1CD09B3A004E2BD6 /* Sources */ = {
			isa = PBXSourcesBuildPhase;
			buildActionMask = 2147483647;
			files = (
				2D649EA71CD09B3A004E2BD6 /* _1_Deleting_and_RearrangingTests.swift in Sources */,
			);
			runOnlyForDeploymentPostprocessing = 0;
		};
		2D649EA91CD09B3A004E2BD6 /* Sources */ = {
			isa = PBXSourcesBuildPhase;
			buildActionMask = 2147483647;
			files = (
				2D649EB21CD09B3A004E2BD6 /* _1_Deleting_and_RearrangingUITests.swift in Sources */,
			);
			runOnlyForDeploymentPostprocessing = 0;
		};
/* End PBXSourcesBuildPhase section */

/* Begin PBXTargetDependency section */
		2D649EA41CD09B3A004E2BD6 /* PBXTargetDependency */ = {
			isa = PBXTargetDependency;
			target = 2D649E8D1CD09B3A004E2BD6 /* 11-Deleting and Rearranging */;
			targetProxy = 2D649EA31CD09B3A004E2BD6 /* PBXContainerItemProxy */;
		};
		2D649EAF1CD09B3A004E2BD6 /* PBXTargetDependency */ = {
			isa = PBXTargetDependency;
			target = 2D649E8D1CD09B3A004E2BD6 /* 11-Deleting and Rearranging */;
			targetProxy = 2D649EAE1CD09B3A004E2BD6 /* PBXContainerItemProxy */;
		};
/* End PBXTargetDependency section */

/* Begin PBXVariantGroup section */
		2D649E951CD09B3A004E2BD6 /* Main.storyboard */ = {
			isa = PBXVariantGroup;
			children = (
				2D649E961CD09B3A004E2BD6 /* Base */,
			);
			name = Main.storyboard;
			sourceTree = "<group>";
		};
		2D649E9A1CD09B3A004E2BD6 /* LaunchScreen.storyboard */ = {
			isa = PBXVariantGroup;
			children = (
				2D649E9B1CD09B3A004E2BD6 /* Base */,
			);
			name = LaunchScreen.storyboard;
			sourceTree = "<group>";
		};
/* End PBXVariantGroup section */

/* Begin XCBuildConfiguration section */
		2D649EB41CD09B3A004E2BD6 /* Debug */ = {
			isa = XCBuildConfiguration;
			buildSettings = {
				ALWAYS_SEARCH_USER_PATHS = NO;
				CLANG_ANALYZER_NONNULL = YES;
				CLANG_CXX_LANGUAGE_STANDARD = "gnu++0x";
				CLANG_CXX_LIBRARY = "libc++";
				CLANG_ENABLE_MODULES = YES;
				CLANG_ENABLE_OBJC_ARC = YES;
				CLANG_WARN_BOOL_CONVERSION = YES;
				CLANG_WARN_CONSTANT_CONVERSION = YES;
				CLANG_WARN_DIRECT_OBJC_ISA_USAGE = YES_ERROR;
				CLANG_WARN_EMPTY_BODY = YES;
				CLANG_WARN_ENUM_CONVERSION = YES;
				CLANG_WARN_INT_CONVERSION = YES;
				CLANG_WARN_OBJC_ROOT_CLASS = YES_ERROR;
				CLANG_WARN_UNREACHABLE_CODE = YES;
				CLANG_WARN__DUPLICATE_METHOD_MATCH = YES;
				"CODE_SIGN_IDENTITY[sdk=iphoneos*]" = "iPhone Developer";
				COPY_PHASE_STRIP = NO;
				DEBUG_INFORMATION_FORMAT = dwarf;
				ENABLE_STRICT_OBJC_MSGSEND = YES;
				ENABLE_TESTABILITY = YES;
				GCC_C_LANGUAGE_STANDARD = gnu99;
				GCC_DYNAMIC_NO_PIC = NO;
				GCC_NO_COMMON_BLOCKS = YES;
				GCC_OPTIMIZATION_LEVEL = 0;
				GCC_PREPROCESSOR_DEFINITIONS = (
					"DEBUG=1",
					"$(inherited)",
				);
				GCC_WARN_64_TO_32_BIT_CONVERSION = YES;
				GCC_WARN_ABOUT_RETURN_TYPE = YES_ERROR;
				GCC_WARN_UNDECLARED_SELECTOR = YES;
				GCC_WARN_UNINITIALIZED_AUTOS = YES_AGGRESSIVE;
				GCC_WARN_UNUSED_FUNCTION = YES;
				GCC_WARN_UNUSED_VARIABLE = YES;
				IPHONEOS_DEPLOYMENT_TARGET = 9.3;
				MTL_ENABLE_DEBUG_INFO = YES;
				ONLY_ACTIVE_ARCH = YES;
				SDKROOT = iphoneos;
				SWIFT_OPTIMIZATION_LEVEL = "-Onone";
			};
			name = Debug;
		};
		2D649EB51CD09B3A004E2BD6 /* Release */ = {
			isa = XCBuildConfiguration;
			buildSettings = {
				ALWAYS_SEARCH_USER_PATHS = NO;
				CLANG_ANALYZER_NONNULL = YES;
				CLANG_CXX_LANGUAGE_STANDARD = "gnu++0x";
				CLANG_CXX_LIBRARY = "libc++";
				CLANG_ENABLE_MODULES = YES;
				CLANG_ENABLE_OBJC_ARC = YES;
				CLANG_WARN_BOOL_CONVERSION = YES;
				CLANG_WARN_CONSTANT_CONVERSION = YES;
				CLANG_WARN_DIRECT_OBJC_ISA_USAGE = YES_ERROR;
				CLANG_WARN_EMPTY_BODY = YES;
				CLANG_WARN_ENUM_CONVERSION = YES;
				CLANG_WARN_INT_CONVERSION = YES;
				CLANG_WARN_OBJC_ROOT_CLASS = YES_ERROR;
				CLANG_WARN_UNREACHABLE_CODE = YES;
				CLANG_WARN__DUPLICATE_METHOD_MATCH = YES;
				"CODE_SIGN_IDENTITY[sdk=iphoneos*]" = "iPhone Developer";
				COPY_PHASE_STRIP = NO;
				DEBUG_INFORMATION_FORMAT = "dwarf-with-dsym";
				ENABLE_NS_ASSERTIONS = NO;
				ENABLE_STRICT_OBJC_MSGSEND = YES;
				GCC_C_LANGUAGE_STANDARD = gnu99;
				GCC_NO_COMMON_BLOCKS = YES;
				GCC_WARN_64_TO_32_BIT_CONVERSION = YES;
				GCC_WARN_ABOUT_RETURN_TYPE = YES_ERROR;
				GCC_WARN_UNDECLARED_SELECTOR = YES;
				GCC_WARN_UNINITIALIZED_AUTOS = YES_AGGRESSIVE;
				GCC_WARN_UNUSED_FUNCTION = YES;
				GCC_WARN_UNUSED_VARIABLE = YES;
				IPHONEOS_DEPLOYMENT_TARGET = 9.3;
				MTL_ENABLE_DEBUG_INFO = NO;
				SDKROOT = iphoneos;
				VALIDATE_PRODUCT = YES;
			};
			name = Release;
		};
		2D649EB71CD09B3A004E2BD6 /* Debug */ = {
			isa = XCBuildConfiguration;
			buildSettings = {
				ASSETCATALOG_COMPILER_APPICON_NAME = AppIcon;
				INFOPLIST_FILE = "11-Deleting and Rearranging/Info.plist";
				IPHONEOS_DEPLOYMENT_TARGET = 8.0;
				LD_RUNPATH_SEARCH_PATHS = "$(inherited) @executable_path/Frameworks";
				PRODUCT_BUNDLE_IDENTIFIER = "-7Life.-1-Deleting-and-Rearranging";
				PRODUCT_NAME = "$(TARGET_NAME)";
			};
			name = Debug;
		};
		2D649EB81CD09B3A004E2BD6 /* Release */ = {
			isa = XCBuildConfiguration;
			buildSettings = {
				ASSETCATALOG_COMPILER_APPICON_NAME = AppIcon;
				INFOPLIST_FILE = "11-Deleting and Rearranging/Info.plist";
				IPHONEOS_DEPLOYMENT_TARGET = 8.0;
				LD_RUNPATH_SEARCH_PATHS = "$(inherited) @executable_path/Frameworks";
				PRODUCT_BUNDLE_IDENTIFIER = "-7Life.-1-Deleting-and-Rearranging";
				PRODUCT_NAME = "$(TARGET_NAME)";
			};
			name = Release;
		};
		2D649EBA1CD09B3A004E2BD6 /* Debug */ = {
			isa = XCBuildConfiguration;
			buildSettings = {
				BUNDLE_LOADER = "$(TEST_HOST)";
				INFOPLIST_FILE = "11-Deleting and RearrangingTests/Info.plist";
				LD_RUNPATH_SEARCH_PATHS = "$(inherited) @executable_path/Frameworks @loader_path/Frameworks";
				PRODUCT_BUNDLE_IDENTIFIER = "-7Life.-1-Deleting-and-RearrangingTests";
				PRODUCT_NAME = "$(TARGET_NAME)";
				TEST_HOST = "$(BUILT_PRODUCTS_DIR)/11-Deleting and Rearranging.app/11-Deleting and Rearranging";
			};
			name = Debug;
		};
		2D649EBB1CD09B3A004E2BD6 /* Release */ = {
			isa = XCBuildConfiguration;
			buildSettings = {
				BUNDLE_LOADER = "$(TEST_HOST)";
				INFOPLIST_FILE = "11-Deleting and RearrangingTests/Info.plist";
				LD_RUNPATH_SEARCH_PATHS = "$(inherited) @executable_path/Frameworks @loader_path/Frameworks";
				PRODUCT_BUNDLE_IDENTIFIER = "-7Life.-1-Deleting-and-RearrangingTests";
				PRODUCT_NAME = "$(TARGET_NAME)";
				TEST_HOST = "$(BUILT_PRODUCTS_DIR)/11-Deleting and Rearranging.app/11-Deleting and Rearranging";
			};
			name = Release;
		};
		2D649EBD1CD09B3A004E2BD6 /* Debug */ = {
			isa = XCBuildConfiguration;
			buildSettings = {
				INFOPLIST_FILE = "11-Deleting and RearrangingUITests/Info.plist";
				LD_RUNPATH_SEARCH_PATHS = "$(inherited) @executable_path/Frameworks @loader_path/Frameworks";
				PRODUCT_BUNDLE_IDENTIFIER = "-7Life.-1-Deleting-and-RearrangingUITests";
				PRODUCT_NAME = "$(TARGET_NAME)";
				TEST_TARGET_NAME = "11-Deleting and Rearranging";
			};
			name = Debug;
		};
		2D649EBE1CD09B3A004E2BD6 /* Release */ = {
			isa = XCBuildConfiguration;
			buildSettings = {
				INFOPLIST_FILE = "11-Deleting and RearrangingUITests/Info.plist";
				LD_RUNPATH_SEARCH_PATHS = "$(inherited) @executable_path/Frameworks @loader_path/Frameworks";
				PRODUCT_BUNDLE_IDENTIFIER = "-7Life.-1-Deleting-and-RearrangingUITests";
				PRODUCT_NAME = "$(TARGET_NAME)";
				TEST_TARGET_NAME = "11-Deleting and Rearranging";
			};
			name = Release;
		};
/* End XCBuildConfiguration section */

/* Begin XCConfigurationList section */
		2D649E891CD09B3A004E2BD6 /* Build configuration list for PBXProject "11-Deleting and Rearranging" */ = {
			isa = XCConfigurationList;
			buildConfigurations = (
				2D649EB41CD09B3A004E2BD6 /* Debug */,
				2D649EB51CD09B3A004E2BD6 /* Release */,
			);
			defaultConfigurationIsVisible = 0;
			defaultConfigurationName = Release;
		};
		2D649EB61CD09B3A004E2BD6 /* Build configuration list for PBXNativeTarget "11-Deleting and Rearranging" */ = {
			isa = XCConfigurationList;
			buildConfigurations = (
				2D649EB71CD09B3A004E2BD6 /* Debug */,
				2D649EB81CD09B3A004E2BD6 /* Release */,
			);
			defaultConfigurationIsVisible = 0;
		};
		2D649EB91CD09B3A004E2BD6 /* Build configuration list for PBXNativeTarget "11-Deleting and RearrangingTests" */ = {
			isa = XCConfigurationList;
			buildConfigurations = (
				2D649EBA1CD09B3A004E2BD6 /* Debug */,
				2D649EBB1CD09B3A004E2BD6 /* Release */,
			);
			defaultConfigurationIsVisible = 0;
		};
		2D649EBC1CD09B3A004E2BD6 /* Build configuration list for PBXNativeTarget "11-Deleting and RearrangingUITests" */ = {
			isa = XCConfigurationList;
			buildConfigurations = (
				2D649EBD1CD09B3A004E2BD6 /* Debug */,
				2D649EBE1CD09B3A004E2BD6 /* Release */,
			);
			defaultConfigurationIsVisible = 0;
		};
/* End XCConfigurationList section */
	};
	rootObject = 2D649E861CD09B3A004E2BD6 /* Project object */;
}
