// !$*UTF8*$!
{
	archiveVersion = 1;
	classes = {
	};
	objectVersion = 46;
	objects = {

/* Begin PBXBuildFile section */
		2D5505EA1CCF72330036590B /* AppDelegate.swift in Sources */ = {isa = PBXBuildFile; fileRef = 2D5505E91CCF72330036590B /* AppDelegate.swift */; };
		2D5505EC1CCF72330036590B /* ViewController.swift in Sources */ = {isa = PBXBuildFile; fileRef = 2D5505EB1CCF72330036590B /* ViewController.swift */; };
		2D5505EF1CCF72330036590B /* Main.storyboard in Resources */ = {isa = PBXBuildFile; fileRef = 2D5505ED1CCF72330036590B /* Main.storyboard */; };
		2D5505F11CCF72330036590B /* Assets.xcassets in Resources */ = {isa = PBXBuildFile; fileRef = 2D5505F01CCF72330036590B /* Assets.xcassets */; };
		2D5505F41CCF72330036590B /* LaunchScreen.storyboard in Resources */ = {isa = PBXBuildFile; fileRef = 2D5505F21CCF72330036590B /* LaunchScreen.storyboard */; };
		2D5505FF1CCF72330036590B /* _5_Basic_Table_ViewTests.swift in Sources */ = {isa = PBXBuildFile; fileRef = 2D5505FE1CCF72330036590B /* _5_Basic_Table_ViewTests.swift */; };
		2D55060A1CCF72330036590B /* _5_Basic_Table_ViewUITests.swift in Sources */ = {isa = PBXBuildFile; fileRef = 2D5506091CCF72330036590B /* _5_Basic_Table_ViewUITests.swift */; };
		2D5506181CCF79030036590B /* DetailViewController.swift in Sources */ = {isa = PBXBuildFile; fileRef = 2D5506171CCF79030036590B /* DetailViewController.swift */; };
/* End PBXBuildFile section */

/* Begin PBXContainerItemProxy section */
		2D5505FB1CCF72330036590B /* PBXContainerItemProxy */ = {
			isa = PBXContainerItemProxy;
			containerPortal = 2D5505DE1CCF72330036590B /* Project object */;
			proxyType = 1;
			remoteGlobalIDString = 2D5505E51CCF72330036590B;
			remoteInfo = "05-Basic Table View";
		};
		2D5506061CCF72330036590B /* PBXContainerItemProxy */ = {
			isa = PBXContainerItemProxy;
			containerPortal = 2D5505DE1CCF72330036590B /* Project object */;
			proxyType = 1;
			remoteGlobalIDString = 2D5505E51CCF72330036590B;
			remoteInfo = "05-Basic Table View";
		};
/* End PBXContainerItemProxy section */

/* Begin PBXFileReference section */
		2D5505E61CCF72330036590B /* 05-Basic Table View.app */ = {isa = PBXFileReference; explicitFileType = wrapper.application; includeInIndex = 0; path = "05-Basic Table View.app"; sourceTree = BUILT_PRODUCTS_DIR; };
		2D5505E91CCF72330036590B /* AppDelegate.swift */ = {isa = PBXFileReference; lastKnownFileType = sourcecode.swift; path = AppDelegate.swift; sourceTree = "<group>"; };
		2D5505EB1CCF72330036590B /* ViewController.swift */ = {isa = PBXFileReference; lastKnownFileType = sourcecode.swift; path = ViewController.swift; sourceTree = "<group>"; };
		2D5505EE1CCF72330036590B /* Base */ = {isa = PBXFileReference; lastKnownFileType = file.storyboard; name = Base; path = Base.lproj/Main.storyboard; sourceTree = "<group>"; };
		2D5505F01CCF72330036590B /* Assets.xcassets */ = {isa = PBXFileReference; lastKnownFileType = folder.assetcatalog; path = Assets.xcassets; sourceTree = "<group>"; };
		2D5505F31CCF72330036590B /* Base */ = {isa = PBXFileReference; lastKnownFileType = file.storyboard; name = Base; path = Base.lproj/LaunchScreen.storyboard; sourceTree = "<group>"; };
		2D5505F51CCF72330036590B /* Info.plist */ = {isa = PBXFileReference; lastKnownFileType = text.plist.xml; path = Info.plist; sourceTree = "<group>"; };
		2D5505FA1CCF72330036590B /* 05-Basic Table ViewTests.xctest */ = {isa = PBXFileReference; explicitFileType = wrapper.cfbundle; includeInIndex = 0; path = "05-Basic Table ViewTests.xctest"; sourceTree = BUILT_PRODUCTS_DIR; };
		2D5505FE1CCF72330036590B /* _5_Basic_Table_ViewTests.swift */ = {isa = PBXFileReference; lastKnownFileType = sourcecode.swift; path = _5_Basic_Table_ViewTests.swift; sourceTree = "<group>"; };
		2D5506001CCF72330036590B /* Info.plist */ = {isa = PBXFileReference; lastKnownFileType = text.plist.xml; path = Info.plist; sourceTree = "<group>"; };
		2D5506051CCF72330036590B /* 05-Basic Table ViewUITests.xctest */ = {isa = PBXFileReference; explicitFileType = wrapper.cfbundle; includeInIndex = 0; path = "05-Basic Table ViewUITests.xctest"; sourceTree = BUILT_PRODUCTS_DIR; };
		2D5506091CCF72330036590B /* _5_Basic_Table_ViewUITests.swift */ = {isa = PBXFileReference; lastKnownFileType = sourcecode.swift; path = _5_Basic_Table_ViewUITests.swift; sourceTree = "<group>"; };
		2D55060B1CCF72330036590B /* Info.plist */ = {isa = PBXFileReference; lastKnownFileType = text.plist.xml; path = Info.plist; sourceTree = "<group>"; };
		2D5506171CCF79030036590B /* DetailViewController.swift */ = {isa = PBXFileReference; fileEncoding = 4; lastKnownFileType = sourcecode.swift; path = DetailViewController.swift; sourceTree = "<group>"; };
/* End PBXFileReference section */

/* Begin PBXFrameworksBuildPhase section */
		2D5505E31CCF72330036590B /* Frameworks */ = {
			isa = PBXFrameworksBuildPhase;
			buildActionMask = 2147483647;
			files = (
			);
			runOnlyForDeploymentPostprocessing = 0;
		};
		2D5505F71CCF72330036590B /* Frameworks */ = {
			isa = PBXFrameworksBuildPhase;
			buildActionMask = 2147483647;
			files = (
			);
			runOnlyForDeploymentPostprocessing = 0;
		};
		2D5506021CCF72330036590B /* Frameworks */ = {
			isa = PBXFrameworksBuildPhase;
			buildActionMask = 2147483647;
			files = (
			);
			runOnlyForDeploymentPostprocessing = 0;
		};
/* End PBXFrameworksBuildPhase section */

/* Begin PBXGroup section */
		2D5505DD1CCF72330036590B = {
			isa = PBXGroup;
			children = (
				2D5505E81CCF72330036590B /* 05-Basic Table View */,
				2D5505FD1CCF72330036590B /* 05-Basic Table ViewTests */,
				2D5506081CCF72330036590B /* 05-Basic Table ViewUITests */,
				2D5505E71CCF72330036590B /* Products */,
			);
			sourceTree = "<group>";
		};
		2D5505E71CCF72330036590B /* Products */ = {
			isa = PBXGroup;
			children = (
				2D5505E61CCF72330036590B /* 05-Basic Table View.app */,
				2D5505FA1CCF72330036590B /* 05-Basic Table ViewTests.xctest */,
				2D5506051CCF72330036590B /* 05-Basic Table ViewUITests.xctest */,
			);
			name = Products;
			sourceTree = "<group>";
		};
		2D5505E81CCF72330036590B /* 05-Basic Table View */ = {
			isa = PBXGroup;
			children = (
				2D5505E91CCF72330036590B /* AppDelegate.swift */,
				2D5505EB1CCF72330036590B /* ViewController.swift */,
				2D5506171CCF79030036590B /* DetailViewController.swift */,
				2D5505ED1CCF72330036590B /* Main.storyboard */,
				2D5505F01CCF72330036590B /* Assets.xcassets */,
				2D5505F21CCF72330036590B /* LaunchScreen.storyboard */,
				2D5505F51CCF72330036590B /* Info.plist */,
			);
			path = "05-Basic Table View";
			sourceTree = "<group>";
		};
		2D5505FD1CCF72330036590B /* 05-Basic Table ViewTests */ = {
			isa = PBXGroup;
			children = (
				2D5505FE1CCF72330036590B /* _5_Basic_Table_ViewTests.swift */,
				2D5506001CCF72330036590B /* Info.plist */,
			);
			path = "05-Basic Table ViewTests";
			sourceTree = "<group>";
		};
		2D5506081CCF72330036590B /* 05-Basic Table ViewUITests */ = {
			isa = PBXGroup;
			children = (
				2D5506091CCF72330036590B /* _5_Basic_Table_ViewUITests.swift */,
				2D55060B1CCF72330036590B /* Info.plist */,
			);
			path = "05-Basic Table ViewUITests";
			sourceTree = "<group>";
		};
/* End PBXGroup section */

/* Begin PBXNativeTarget section */
		2D5505E51CCF72330036590B /* 05-Basic Table View */ = {
			isa = PBXNativeTarget;
			buildConfigurationList = 2D55060E1CCF72330036590B /* Build configuration list for PBXNativeTarget "05-Basic Table View" */;
			buildPhases = (
				2D5505E21CCF72330036590B /* Sources */,
				2D5505E31CCF72330036590B /* Frameworks */,
				2D5505E41CCF72330036590B /* Resources */,
			);
			buildRules = (
			);
			dependencies = (
			);
			name = "05-Basic Table View";
			productName = "05-Basic Table View";
			productReference = 2D5505E61CCF72330036590B /* 05-Basic Table View.app */;
			productType = "com.apple.product-type.application";
		};
		2D5505F91CCF72330036590B /* 05-Basic Table ViewTests */ = {
			isa = PBXNativeTarget;
			buildConfigurationList = 2D5506111CCF72330036590B /* Build configuration list for PBXNativeTarget "05-Basic Table ViewTests" */;
			buildPhases = (
				2D5505F61CCF72330036590B /* Sources */,
				2D5505F71CCF72330036590B /* Frameworks */,
				2D5505F81CCF72330036590B /* Resources */,
			);
			buildRules = (
			);
			dependencies = (
				2D5505FC1CCF72330036590B /* PBXTargetDependency */,
			);
			name = "05-Basic Table ViewTests";
			productName = "05-Basic Table ViewTests";
			productReference = 2D5505FA1CCF72330036590B /* 05-Basic Table ViewTests.xctest */;
			productType = "com.apple.product-type.bundle.unit-test";
		};
		2D5506041CCF72330036590B /* 05-Basic Table ViewUITests */ = {
			isa = PBXNativeTarget;
			buildConfigurationList = 2D5506141CCF72330036590B /* Build configuration list for PBXNativeTarget "05-Basic Table ViewUITests" */;
			buildPhases = (
				2D5506011CCF72330036590B /* Sources */,
				2D5506021CCF72330036590B /* Frameworks */,
				2D5506031CCF72330036590B /* Resources */,
			);
			buildRules = (
			);
			dependencies = (
				2D5506071CCF72330036590B /* PBXTargetDependency */,
			);
			name = "05-Basic Table ViewUITests";
			productName = "05-Basic Table ViewUITests";
			productReference = 2D5506051CCF72330036590B /* 05-Basic Table ViewUITests.xctest */;
			productType = "com.apple.product-type.bundle.ui-testing";
		};
/* End PBXNativeTarget section */

/* Begin PBXProject section */
		2D5505DE1CCF72330036590B /* Project object */ = {
			isa = PBXProject;
			attributes = {
				LastSwiftUpdateCheck = 0730;
				LastUpgradeCheck = 0730;
				ORGANIZATIONNAME = 17Life;
				TargetAttributes = {
					2D5505E51CCF72330036590B = {
						CreatedOnToolsVersion = 7.3;
					};
					2D5505F91CCF72330036590B = {
						CreatedOnToolsVersion = 7.3;
						TestTargetID = 2D5505E51CCF72330036590B;
					};
					2D5506041CCF72330036590B = {
						CreatedOnToolsVersion = 7.3;
						TestTargetID = 2D5505E51CCF72330036590B;
					};
				};
			};
			buildConfigurationList = 2D5505E11CCF72330036590B /* Build configuration list for PBXProject "05-Basic Table View" */;
			compatibilityVersion = "Xcode 3.2";
			developmentRegion = English;
			hasScannedForEncodings = 0;
			knownRegions = (
				en,
				Base,
			);
			mainGroup = 2D5505DD1CCF72330036590B;
			productRefGroup = 2D5505E71CCF72330036590B /* Products */;
			projectDirPath = "";
			projectRoot = "";
			targets = (
				2D5505E51CCF72330036590B /* 05-Basic Table View */,
				2D5505F91CCF72330036590B /* 05-Basic Table ViewTests */,
				2D5506041CCF72330036590B /* 05-Basic Table ViewUITests */,
			);
		};
/* End PBXProject section */

/* Begin PBXResourcesBuildPhase section */
		2D5505E41CCF72330036590B /* Resources */ = {
			isa = PBXResourcesBuildPhase;
			buildActionMask = 2147483647;
			files = (
				2D5505F41CCF72330036590B /* LaunchScreen.storyboard in Resources */,
				2D5505F11CCF72330036590B /* Assets.xcassets in Resources */,
				2D5505EF1CCF72330036590B /* Main.storyboard in Resources */,
			);
			runOnlyForDeploymentPostprocessing = 0;
		};
		2D5505F81CCF72330036590B /* Resources */ = {
			isa = PBXResourcesBuildPhase;
			buildActionMask = 2147483647;
			files = (
			);
			runOnlyForDeploymentPostprocessing = 0;
		};
		2D5506031CCF72330036590B /* Resources */ = {
			isa = PBXResourcesBuildPhase;
			buildActionMask = 2147483647;
			files = (
			);
			runOnlyForDeploymentPostprocessing = 0;
		};
/* End PBXResourcesBuildPhase section */

/* Begin PBXSourcesBuildPhase section */
		2D5505E21CCF72330036590B /* Sources */ = {
			isa = PBXSourcesBuildPhase;
			buildActionMask = 2147483647;
			files = (
				2D5506181CCF79030036590B /* DetailViewController.swift in Sources */,
				2D5505EC1CCF72330036590B /* ViewController.swift in Sources */,
				2D5505EA1CCF72330036590B /* AppDelegate.swift in Sources */,
			);
			runOnlyForDeploymentPostprocessing = 0;
		};
		2D5505F61CCF72330036590B /* Sources */ = {
			isa = PBXSourcesBuildPhase;
			buildActionMask = 2147483647;
			files = (
				2D5505FF1CCF72330036590B /* _5_Basic_Table_ViewTests.swift in Sources */,
			);
			runOnlyForDeploymentPostprocessing = 0;
		};
		2D5506011CCF72330036590B /* Sources */ = {
			isa = PBXSourcesBuildPhase;
			buildActionMask = 2147483647;
			files = (
				2D55060A1CCF72330036590B /* _5_Basic_Table_ViewUITests.swift in Sources */,
			);
			runOnlyForDeploymentPostprocessing = 0;
		};
/* End PBXSourcesBuildPhase section */

/* Begin PBXTargetDependency section */
		2D5505FC1CCF72330036590B /* PBXTargetDependency */ = {
			isa = PBXTargetDependency;
			target = 2D5505E51CCF72330036590B /* 05-Basic Table View */;
			targetProxy = 2D5505FB1CCF72330036590B /* PBXContainerItemProxy */;
		};
		2D5506071CCF72330036590B /* PBXTargetDependency */ = {
			isa = PBXTargetDependency;
			target = 2D5505E51CCF72330036590B /* 05-Basic Table View */;
			targetProxy = 2D5506061CCF72330036590B /* PBXContainerItemProxy */;
		};
/* End PBXTargetDependency section */

/* Begin PBXVariantGroup section */
		2D5505ED1CCF72330036590B /* Main.storyboard */ = {
			isa = PBXVariantGroup;
			children = (
				2D5505EE1CCF72330036590B /* Base */,
			);
			name = Main.storyboard;
			sourceTree = "<group>";
		};
		2D5505F21CCF72330036590B /* LaunchScreen.storyboard */ = {
			isa = PBXVariantGroup;
			children = (
				2D5505F31CCF72330036590B /* Base */,
			);
			name = LaunchScreen.storyboard;
			sourceTree = "<group>";
		};
/* End PBXVariantGroup section */

/* Begin XCBuildConfiguration section */
		2D55060C1CCF72330036590B /* Debug */ = {
			isa = XCBuildConfiguration;
			buildSettings = {
				ALWAYS_SEARCH_USER_PATHS = NO;
				CLANG_ANALYZER_NONNULL = YES;
				CLANG_CXX_LANGUAGE_STANDARD = "gnu++0x";
				CLANG_CXX_LIBRARY = "libc++";
				CLANG_ENABLE_MODULES = YES;
				CLANG_ENABLE_OBJC_ARC = YES;
				CLANG_WARN_BOOL_CONVERSION = YES;
				CLANG_WARN_CONSTANT_CONVERSION = YES;
				CLANG_WARN_DIRECT_OBJC_ISA_USAGE = YES_ERROR;
				CLANG_WARN_EMPTY_BODY = YES;
				CLANG_WARN_ENUM_CONVERSION = YES;
				CLANG_WARN_INT_CONVERSION = YES;
				CLANG_WARN_OBJC_ROOT_CLASS = YES_ERROR;
				CLANG_WARN_UNREACHABLE_CODE = YES;
				CLANG_WARN__DUPLICATE_METHOD_MATCH = YES;
				"CODE_SIGN_IDENTITY[sdk=iphoneos*]" = "iPhone Developer";
				COPY_PHASE_STRIP = NO;
				DEBUG_INFORMATION_FORMAT = dwarf;
				ENABLE_STRICT_OBJC_MSGSEND = YES;
				ENABLE_TESTABILITY = YES;
				GCC_C_LANGUAGE_STANDARD = gnu99;
				GCC_DYNAMIC_NO_PIC = NO;
				GCC_NO_COMMON_BLOCKS = YES;
				GCC_OPTIMIZATION_LEVEL = 0;
				GCC_PREPROCESSOR_DEFINITIONS = (
					"DEBUG=1",
					"$(inherited)",
				);
				GCC_WARN_64_TO_32_BIT_CONVERSION = YES;
				GCC_WARN_ABOUT_RETURN_TYPE = YES_ERROR;
				GCC_WARN_UNDECLARED_SELECTOR = YES;
				GCC_WARN_UNINITIALIZED_AUTOS = YES_AGGRESSIVE;
				GCC_WARN_UNUSED_FUNCTION = YES;
				GCC_WARN_UNUSED_VARIABLE = YES;
				IPHONEOS_DEPLOYMENT_TARGET = 9.3;
				MTL_ENABLE_DEBUG_INFO = YES;
				ONLY_ACTIVE_ARCH = YES;
				SDKROOT = iphoneos;
				SWIFT_OPTIMIZATION_LEVEL = "-Onone";
			};
			name = Debug;
		};
		2D55060D1CCF72330036590B /* Release */ = {
			isa = XCBuildConfiguration;
			buildSettings = {
				ALWAYS_SEARCH_USER_PATHS = NO;
				CLANG_ANALYZER_NONNULL = YES;
				CLANG_CXX_LANGUAGE_STANDARD = "gnu++0x";
				CLANG_CXX_LIBRARY = "libc++";
				CLANG_ENABLE_MODULES = YES;
				CLANG_ENABLE_OBJC_ARC = YES;
				CLANG_WARN_BOOL_CONVERSION = YES;
				CLANG_WARN_CONSTANT_CONVERSION = YES;
				CLANG_WARN_DIRECT_OBJC_ISA_USAGE = YES_ERROR;
				CLANG_WARN_EMPTY_BODY = YES;
				CLANG_WARN_ENUM_CONVERSION = YES;
				CLANG_WARN_INT_CONVERSION = YES;
				CLANG_WARN_OBJC_ROOT_CLASS = YES_ERROR;
				CLANG_WARN_UNREACHABLE_CODE = YES;
				CLANG_WARN__DUPLICATE_METHOD_MATCH = YES;
				"CODE_SIGN_IDENTITY[sdk=iphoneos*]" = "iPhone Developer";
				COPY_PHASE_STRIP = NO;
				DEBUG_INFORMATION_FORMAT = "dwarf-with-dsym";
				ENABLE_NS_ASSERTIONS = NO;
				ENABLE_STRICT_OBJC_MSGSEND = YES;
				GCC_C_LANGUAGE_STANDARD = gnu99;
				GCC_NO_COMMON_BLOCKS = YES;
				GCC_WARN_64_TO_32_BIT_CONVERSION = YES;
				GCC_WARN_ABOUT_RETURN_TYPE = YES_ERROR;
				GCC_WARN_UNDECLARED_SELECTOR = YES;
				GCC_WARN_UNINITIALIZED_AUTOS = YES_AGGRESSIVE;
				GCC_WARN_UNUSED_FUNCTION = YES;
				GCC_WARN_UNUSED_VARIABLE = YES;
				IPHONEOS_DEPLOYMENT_TARGET = 9.3;
				MTL_ENABLE_DEBUG_INFO = NO;
				SDKROOT = iphoneos;
				VALIDATE_PRODUCT = YES;
			};
			name = Release;
		};
		2D55060F1CCF72330036590B /* Debug */ = {
			isa = XCBuildConfiguration;
			buildSettings = {
				ASSETCATALOG_COMPILER_APPICON_NAME = AppIcon;
				INFOPLIST_FILE = "05-Basic Table View/Info.plist";
				IPHONEOS_DEPLOYMENT_TARGET = 8.0;
				LD_RUNPATH_SEARCH_PATHS = "$(inherited) @executable_path/Frameworks";
				PRODUCT_BUNDLE_IDENTIFIER = "-7Life.-5-Basic-Table-View";
				PRODUCT_NAME = "$(TARGET_NAME)";
			};
			name = Debug;
		};
		2D5506101CCF72330036590B /* Release */ = {
			isa = XCBuildConfiguration;
			buildSettings = {
				ASSETCATALOG_COMPILER_APPICON_NAME = AppIcon;
				INFOPLIST_FILE = "05-Basic Table View/Info.plist";
				IPHONEOS_DEPLOYMENT_TARGET = 8.0;
				LD_RUNPATH_SEARCH_PATHS = "$(inherited) @executable_path/Frameworks";
				PRODUCT_BUNDLE_IDENTIFIER = "-7Life.-5-Basic-Table-View";
				PRODUCT_NAME = "$(TARGET_NAME)";
			};
			name = Release;
		};
		2D5506121CCF72330036590B /* Debug */ = {
			isa = XCBuildConfiguration;
			buildSettings = {
				BUNDLE_LOADER = "$(TEST_HOST)";
				INFOPLIST_FILE = "05-Basic Table ViewTests/Info.plist";
				LD_RUNPATH_SEARCH_PATHS = "$(inherited) @executable_path/Frameworks @loader_path/Frameworks";
				PRODUCT_BUNDLE_IDENTIFIER = "-7Life.-5-Basic-Table-ViewTests";
				PRODUCT_NAME = "$(TARGET_NAME)";
				TEST_HOST = "$(BUILT_PRODUCTS_DIR)/05-Basic Table View.app/05-Basic Table View";
			};
			name = Debug;
		};
		2D5506131CCF72330036590B /* Release */ = {
			isa = XCBuildConfiguration;
			buildSettings = {
				BUNDLE_LOADER = "$(TEST_HOST)";
				INFOPLIST_FILE = "05-Basic Table ViewTests/Info.plist";
				LD_RUNPATH_SEARCH_PATHS = "$(inherited) @executable_path/Frameworks @loader_path/Frameworks";
				PRODUCT_BUNDLE_IDENTIFIER = "-7Life.-5-Basic-Table-ViewTests";
				PRODUCT_NAME = "$(TARGET_NAME)";
				TEST_HOST = "$(BUILT_PRODUCTS_DIR)/05-Basic Table View.app/05-Basic Table View";
			};
			name = Release;
		};
		2D5506151CCF72330036590B /* Debug */ = {
			isa = XCBuildConfiguration;
			buildSettings = {
				INFOPLIST_FILE = "05-Basic Table ViewUITests/Info.plist";
				LD_RUNPATH_SEARCH_PATHS = "$(inherited) @executable_path/Frameworks @loader_path/Frameworks";
				PRODUCT_BUNDLE_IDENTIFIER = "-7Life.-5-Basic-Table-ViewUITests";
				PRODUCT_NAME = "$(TARGET_NAME)";
				TEST_TARGET_NAME = "05-Basic Table View";
			};
			name = Debug;
		};
		2D5506161CCF72330036590B /* Release */ = {
			isa = XCBuildConfiguration;
			buildSettings = {
				INFOPLIST_FILE = "05-Basic Table ViewUITests/Info.plist";
				LD_RUNPATH_SEARCH_PATHS = "$(inherited) @executable_path/Frameworks @loader_path/Frameworks";
				PRODUCT_BUNDLE_IDENTIFIER = "-7Life.-5-Basic-Table-ViewUITests";
				PRODUCT_NAME = "$(TARGET_NAME)";
				TEST_TARGET_NAME = "05-Basic Table View";
			};
			name = Release;
		};
/* End XCBuildConfiguration section */

/* Begin XCConfigurationList section */
		2D5505E11CCF72330036590B /* Build configuration list for PBXProject "05-Basic Table View" */ = {
			isa = XCConfigurationList;
			buildConfigurations = (
				2D55060C1CCF72330036590B /* Debug */,
				2D55060D1CCF72330036590B /* Release */,
			);
			defaultConfigurationIsVisible = 0;
			defaultConfigurationName = Release;
		};
		2D55060E1CCF72330036590B /* Build configuration list for PBXNativeTarget "05-Basic Table View" */ = {
			isa = XCConfigurationList;
			buildConfigurations = (
				2D55060F1CCF72330036590B /* Debug */,
				2D5506101CCF72330036590B /* Release */,
			);
			defaultConfigurationIsVisible = 0;
		};
		2D5506111CCF72330036590B /* Build configuration list for PBXNativeTarget "05-Basic Table ViewTests" */ = {
			isa = XCConfigurationList;
			buildConfigurations = (
				2D5506121CCF72330036590B /* Debug */,
				2D5506131CCF72330036590B /* Release */,
			);
			defaultConfigurationIsVisible = 0;
		};
		2D5506141CCF72330036590B /* Build configuration list for PBXNativeTarget "05-Basic Table ViewUITests" */ = {
			isa = XCConfigurationList;
			buildConfigurations = (
				2D5506151CCF72330036590B /* Debug */,
				2D5506161CCF72330036590B /* Release */,
			);
			defaultConfigurationIsVisible = 0;
		};
/* End XCConfigurationList section */
	};
	rootObject = 2D5505DE1CCF72330036590B /* Project object */;
}
