// !$*UTF8*$!
{
	archiveVersion = 1;
	classes = {
	};
	objectVersion = 46;
	objects = {

/* Begin PBXBuildFile section */
		2D2CB8021CE5895300A99FBD /* AppDelegate.swift in Sources */ = {isa = PBXBuildFile; fileRef = 2D2CB8011CE5895300A99FBD /* AppDelegate.swift */; };
		2D2CB8041CE5895300A99FBD /* ViewController.swift in Sources */ = {isa = PBXBuildFile; fileRef = 2D2CB8031CE5895300A99FBD /* ViewController.swift */; };
		2D2CB8071CE5895300A99FBD /* Main.storyboard in Resources */ = {isa = PBXBuildFile; fileRef = 2D2CB8051CE5895300A99FBD /* Main.storyboard */; };
		2D2CB8091CE5895300A99FBD /* Assets.xcassets in Resources */ = {isa = PBXBuildFile; fileRef = 2D2CB8081CE5895300A99FBD /* Assets.xcassets */; };
		2D2CB80C1CE5895300A99FBD /* LaunchScreen.storyboard in Resources */ = {isa = PBXBuildFile; fileRef = 2D2CB80A1CE5895300A99FBD /* LaunchScreen.storyboard */; };
		2D2CB8171CE5895300A99FBD /* _4_Custom_Collection_ViewTests.swift in Sources */ = {isa = PBXBuildFile; fileRef = 2D2CB8161CE5895300A99FBD /* _4_Custom_Collection_ViewTests.swift */; };
		2D2CB8221CE5895300A99FBD /* _4_Custom_Collection_ViewUITests.swift in Sources */ = {isa = PBXBuildFile; fileRef = 2D2CB8211CE5895300A99FBD /* _4_Custom_Collection_ViewUITests.swift */; };
		2D2CB8301CE58A2F00A99FBD /* CustomCollectionViewCell.swift in Sources */ = {isa = PBXBuildFile; fileRef = 2D2CB82F1CE58A2F00A99FBD /* CustomCollectionViewCell.swift */; };
		2D583CF91CE5B1E0004DB51D /* CustomCollectionViewFlowLayout.swift in Sources */ = {isa = PBXBuildFile; fileRef = 2D583CF81CE5B1E0004DB51D /* CustomCollectionViewFlowLayout.swift */; };
		65FAA9319BD32662229019B3 /* Pods.framework in Frameworks */ = {isa = PBXBuildFile; fileRef = 5D13347E532CF190C34CA69C /* Pods.framework */; };
/* End PBXBuildFile section */

/* Begin PBXContainerItemProxy section */
		2D2CB8131CE5895300A99FBD /* PBXContainerItemProxy */ = {
			isa = PBXContainerItemProxy;
			containerPortal = 2D2CB7F61CE5895300A99FBD /* Project object */;
			proxyType = 1;
			remoteGlobalIDString = 2D2CB7FD1CE5895300A99FBD;
			remoteInfo = "24-Custom Collection View";
		};
		2D2CB81E1CE5895300A99FBD /* PBXContainerItemProxy */ = {
			isa = PBXContainerItemProxy;
			containerPortal = 2D2CB7F61CE5895300A99FBD /* Project object */;
			proxyType = 1;
			remoteGlobalIDString = 2D2CB7FD1CE5895300A99FBD;
			remoteInfo = "24-Custom Collection View";
		};
/* End PBXContainerItemProxy section */

/* Begin PBXFileReference section */
		2D2CB7FE1CE5895300A99FBD /* 24-Custom Collection View.app */ = {isa = PBXFileReference; explicitFileType = wrapper.application; includeInIndex = 0; path = "24-Custom Collection View.app"; sourceTree = BUILT_PRODUCTS_DIR; };
		2D2CB8011CE5895300A99FBD /* AppDelegate.swift */ = {isa = PBXFileReference; lastKnownFileType = sourcecode.swift; path = AppDelegate.swift; sourceTree = "<group>"; };
		2D2CB8031CE5895300A99FBD /* ViewController.swift */ = {isa = PBXFileReference; lastKnownFileType = sourcecode.swift; path = ViewController.swift; sourceTree = "<group>"; };
		2D2CB8061CE5895300A99FBD /* Base */ = {isa = PBXFileReference; lastKnownFileType = file.storyboard; name = Base; path = Base.lproj/Main.storyboard; sourceTree = "<group>"; };
		2D2CB8081CE5895300A99FBD /* Assets.xcassets */ = {isa = PBXFileReference; lastKnownFileType = folder.assetcatalog; path = Assets.xcassets; sourceTree = "<group>"; };
		2D2CB80B1CE5895300A99FBD /* Base */ = {isa = PBXFileReference; lastKnownFileType = file.storyboard; name = Base; path = Base.lproj/LaunchScreen.storyboard; sourceTree = "<group>"; };
		2D2CB80D1CE5895300A99FBD /* Info.plist */ = {isa = PBXFileReference; lastKnownFileType = text.plist.xml; path = Info.plist; sourceTree = "<group>"; };
		2D2CB8121CE5895300A99FBD /* 24-Custom Collection ViewTests.xctest */ = {isa = PBXFileReference; explicitFileType = wrapper.cfbundle; includeInIndex = 0; path = "24-Custom Collection ViewTests.xctest"; sourceTree = BUILT_PRODUCTS_DIR; };
		2D2CB8161CE5895300A99FBD /* _4_Custom_Collection_ViewTests.swift */ = {isa = PBXFileReference; lastKnownFileType = sourcecode.swift; path = _4_Custom_Collection_ViewTests.swift; sourceTree = "<group>"; };
		2D2CB8181CE5895300A99FBD /* Info.plist */ = {isa = PBXFileReference; lastKnownFileType = text.plist.xml; path = Info.plist; sourceTree = "<group>"; };
		2D2CB81D1CE5895300A99FBD /* 24-Custom Collection ViewUITests.xctest */ = {isa = PBXFileReference; explicitFileType = wrapper.cfbundle; includeInIndex = 0; path = "24-Custom Collection ViewUITests.xctest"; sourceTree = BUILT_PRODUCTS_DIR; };
		2D2CB8211CE5895300A99FBD /* _4_Custom_Collection_ViewUITests.swift */ = {isa = PBXFileReference; lastKnownFileType = sourcecode.swift; path = _4_Custom_Collection_ViewUITests.swift; sourceTree = "<group>"; };
		2D2CB8231CE5895300A99FBD /* Info.plist */ = {isa = PBXFileReference; lastKnownFileType = text.plist.xml; path = Info.plist; sourceTree = "<group>"; };
		2D2CB82F1CE58A2F00A99FBD /* CustomCollectionViewCell.swift */ = {isa = PBXFileReference; fileEncoding = 4; lastKnownFileType = sourcecode.swift; path = CustomCollectionViewCell.swift; sourceTree = "<group>"; };
		2D583CF81CE5B1E0004DB51D /* CustomCollectionViewFlowLayout.swift */ = {isa = PBXFileReference; fileEncoding = 4; lastKnownFileType = sourcecode.swift; path = CustomCollectionViewFlowLayout.swift; sourceTree = "<group>"; };
		5D13347E532CF190C34CA69C /* Pods.framework */ = {isa = PBXFileReference; explicitFileType = wrapper.framework; includeInIndex = 0; path = Pods.framework; sourceTree = BUILT_PRODUCTS_DIR; };
		8828F667EA07D110C865C2C5 /* Pods.release.xcconfig */ = {isa = PBXFileReference; includeInIndex = 1; lastKnownFileType = text.xcconfig; name = Pods.release.xcconfig; path = "Pods/Target Support Files/Pods/Pods.release.xcconfig"; sourceTree = "<group>"; };
		CB5A6A4A8085F2DEB3C74A7D /* Pods.debug.xcconfig */ = {isa = PBXFileReference; includeInIndex = 1; lastKnownFileType = text.xcconfig; name = Pods.debug.xcconfig; path = "Pods/Target Support Files/Pods/Pods.debug.xcconfig"; sourceTree = "<group>"; };
/* End PBXFileReference section */

/* Begin PBXFrameworksBuildPhase section */
		2D2CB7FB1CE5895300A99FBD /* Frameworks */ = {
			isa = PBXFrameworksBuildPhase;
			buildActionMask = 2147483647;
			files = (
				65FAA9319BD32662229019B3 /* Pods.framework in Frameworks */,
			);
			runOnlyForDeploymentPostprocessing = 0;
		};
		2D2CB80F1CE5895300A99FBD /* Frameworks */ = {
			isa = PBXFrameworksBuildPhase;
			buildActionMask = 2147483647;
			files = (
			);
			runOnlyForDeploymentPostprocessing = 0;
		};
		2D2CB81A1CE5895300A99FBD /* Frameworks */ = {
			isa = PBXFrameworksBuildPhase;
			buildActionMask = 2147483647;
			files = (
			);
			runOnlyForDeploymentPostprocessing = 0;
		};
/* End PBXFrameworksBuildPhase section */

/* Begin PBXGroup section */
		09E91008F28709F944B700BD /* Pods */ = {
			isa = PBXGroup;
			children = (
				CB5A6A4A8085F2DEB3C74A7D /* Pods.debug.xcconfig */,
				8828F667EA07D110C865C2C5 /* Pods.release.xcconfig */,
			);
			name = Pods;
			sourceTree = "<group>";
		};
		2D2CB7F51CE5895300A99FBD = {
			isa = PBXGroup;
			children = (
				2D2CB8001CE5895300A99FBD /* 24-Custom Collection View */,
				2D2CB8151CE5895300A99FBD /* 24-Custom Collection ViewTests */,
				2D2CB8201CE5895300A99FBD /* 24-Custom Collection ViewUITests */,
				2D2CB7FF1CE5895300A99FBD /* Products */,
				09E91008F28709F944B700BD /* Pods */,
				7BDBD1DE016661D8EDEBC4B5 /* Frameworks */,
			);
			sourceTree = "<group>";
		};
		2D2CB7FF1CE5895300A99FBD /* Products */ = {
			isa = PBXGroup;
			children = (
				2D2CB7FE1CE5895300A99FBD /* 24-Custom Collection View.app */,
				2D2CB8121CE5895300A99FBD /* 24-Custom Collection ViewTests.xctest */,
				2D2CB81D1CE5895300A99FBD /* 24-Custom Collection ViewUITests.xctest */,
			);
			name = Products;
			sourceTree = "<group>";
		};
		2D2CB8001CE5895300A99FBD /* 24-Custom Collection View */ = {
			isa = PBXGroup;
			children = (
				2D2CB8011CE5895300A99FBD /* AppDelegate.swift */,
				2D2CB8031CE5895300A99FBD /* ViewController.swift */,
				2D2CB82F1CE58A2F00A99FBD /* CustomCollectionViewCell.swift */,
				2D583CF81CE5B1E0004DB51D /* CustomCollectionViewFlowLayout.swift */,
				2D2CB8051CE5895300A99FBD /* Main.storyboard */,
				2D2CB8081CE5895300A99FBD /* Assets.xcassets */,
				2D2CB80A1CE5895300A99FBD /* LaunchScreen.storyboard */,
				2D2CB80D1CE5895300A99FBD /* Info.plist */,
			);
			path = "24-Custom Collection View";
			sourceTree = "<group>";
		};
		2D2CB8151CE5895300A99FBD /* 24-Custom Collection ViewTests */ = {
			isa = PBXGroup;
			children = (
				2D2CB8161CE5895300A99FBD /* _4_Custom_Collection_ViewTests.swift */,
				2D2CB8181CE5895300A99FBD /* Info.plist */,
			);
			path = "24-Custom Collection ViewTests";
			sourceTree = "<group>";
		};
		2D2CB8201CE5895300A99FBD /* 24-Custom Collection ViewUITests */ = {
			isa = PBXGroup;
			children = (
				2D2CB8211CE5895300A99FBD /* _4_Custom_Collection_ViewUITests.swift */,
				2D2CB8231CE5895300A99FBD /* Info.plist */,
			);
			path = "24-Custom Collection ViewUITests";
			sourceTree = "<group>";
		};
		7BDBD1DE016661D8EDEBC4B5 /* Frameworks */ = {
			isa = PBXGroup;
			children = (
				5D13347E532CF190C34CA69C /* Pods.framework */,
			);
			name = Frameworks;
			sourceTree = "<group>";
		};
/* End PBXGroup section */

/* Begin PBXNativeTarget section */
		2D2CB7FD1CE5895300A99FBD /* 24-Custom Collection View */ = {
			isa = PBXNativeTarget;
			buildConfigurationList = 2D2CB8261CE5895300A99FBD /* Build configuration list for PBXNativeTarget "24-Custom Collection View" */;
			buildPhases = (
				2C5B3C107F3C4C031F9CA118 /* Check Pods Manifest.lock */,
				2D2CB7FA1CE5895300A99FBD /* Sources */,
				2D2CB7FB1CE5895300A99FBD /* Frameworks */,
				2D2CB7FC1CE5895300A99FBD /* Resources */,
				20088CF1D02D1FE90D3CB688 /* Embed Pods Frameworks */,
				48D37A0DCBC5B47A7D5E3CD5 /* Copy Pods Resources */,
			);
			buildRules = (
			);
			dependencies = (
			);
			name = "24-Custom Collection View";
			productName = "24-Custom Collection View";
			productReference = 2D2CB7FE1CE5895300A99FBD /* 24-Custom Collection View.app */;
			productType = "com.apple.product-type.application";
		};
		2D2CB8111CE5895300A99FBD /* 24-Custom Collection ViewTests */ = {
			isa = PBXNativeTarget;
			buildConfigurationList = 2D2CB8291CE5895300A99FBD /* Build configuration list for PBXNativeTarget "24-Custom Collection ViewTests" */;
			buildPhases = (
				2D2CB80E1CE5895300A99FBD /* Sources */,
				2D2CB80F1CE5895300A99FBD /* Frameworks */,
				2D2CB8101CE5895300A99FBD /* Resources */,
			);
			buildRules = (
			);
			dependencies = (
				2D2CB8141CE5895300A99FBD /* PBXTargetDependency */,
			);
			name = "24-Custom Collection ViewTests";
			productName = "24-Custom Collection ViewTests";
			productReference = 2D2CB8121CE5895300A99FBD /* 24-Custom Collection ViewTests.xctest */;
			productType = "com.apple.product-type.bundle.unit-test";
		};
		2D2CB81C1CE5895300A99FBD /* 24-Custom Collection ViewUITests */ = {
			isa = PBXNativeTarget;
			buildConfigurationList = 2D2CB82C1CE5895300A99FBD /* Build configuration list for PBXNativeTarget "24-Custom Collection ViewUITests" */;
			buildPhases = (
				2D2CB8191CE5895300A99FBD /* Sources */,
				2D2CB81A1CE5895300A99FBD /* Frameworks */,
				2D2CB81B1CE5895300A99FBD /* Resources */,
			);
			buildRules = (
			);
			dependencies = (
				2D2CB81F1CE5895300A99FBD /* PBXTargetDependency */,
			);
			name = "24-Custom Collection ViewUITests";
			productName = "24-Custom Collection ViewUITests";
			productReference = 2D2CB81D1CE5895300A99FBD /* 24-Custom Collection ViewUITests.xctest */;
			productType = "com.apple.product-type.bundle.ui-testing";
		};
/* End PBXNativeTarget section */

/* Begin PBXProject section */
		2D2CB7F61CE5895300A99FBD /* Project object */ = {
			isa = PBXProject;
			attributes = {
				LastSwiftUpdateCheck = 0730;
				LastUpgradeCheck = 0730;
				ORGANIZATIONNAME = 17Life;
				TargetAttributes = {
					2D2CB7FD1CE5895300A99FBD = {
						CreatedOnToolsVersion = 7.3;
					};
					2D2CB8111CE5895300A99FBD = {
						CreatedOnToolsVersion = 7.3;
						TestTargetID = 2D2CB7FD1CE5895300A99FBD;
					};
					2D2CB81C1CE5895300A99FBD = {
						CreatedOnToolsVersion = 7.3;
						TestTargetID = 2D2CB7FD1CE5895300A99FBD;
					};
				};
			};
			buildConfigurationList = 2D2CB7F91CE5895300A99FBD /* Build configuration list for PBXProject "24-Custom Collection View" */;
			compatibilityVersion = "Xcode 3.2";
			developmentRegion = English;
			hasScannedForEncodings = 0;
			knownRegions = (
				en,
				Base,
			);
			mainGroup = 2D2CB7F51CE5895300A99FBD;
			productRefGroup = 2D2CB7FF1CE5895300A99FBD /* Products */;
			projectDirPath = "";
			projectRoot = "";
			targets = (
				2D2CB7FD1CE5895300A99FBD /* 24-Custom Collection View */,
				2D2CB8111CE5895300A99FBD /* 24-Custom Collection ViewTests */,
				2D2CB81C1CE5895300A99FBD /* 24-Custom Collection ViewUITests */,
			);
		};
/* End PBXProject section */

/* Begin PBXResourcesBuildPhase section */
		2D2CB7FC1CE5895300A99FBD /* Resources */ = {
			isa = PBXResourcesBuildPhase;
			buildActionMask = 2147483647;
			files = (
				2D2CB80C1CE5895300A99FBD /* LaunchScreen.storyboard in Resources */,
				2D2CB8091CE5895300A99FBD /* Assets.xcassets in Resources */,
				2D2CB8071CE5895300A99FBD /* Main.storyboard in Resources */,
			);
			runOnlyForDeploymentPostprocessing = 0;
		};
		2D2CB8101CE5895300A99FBD /* Resources */ = {
			isa = PBXResourcesBuildPhase;
			buildActionMask = 2147483647;
			files = (
			);
			runOnlyForDeploymentPostprocessing = 0;
		};
		2D2CB81B1CE5895300A99FBD /* Resources */ = {
			isa = PBXResourcesBuildPhase;
			buildActionMask = 2147483647;
			files = (
			);
			runOnlyForDeploymentPostprocessing = 0;
		};
/* End PBXResourcesBuildPhase section */

/* Begin PBXShellScriptBuildPhase section */
		20088CF1D02D1FE90D3CB688 /* Embed Pods Frameworks */ = {
			isa = PBXShellScriptBuildPhase;
			buildActionMask = 2147483647;
			files = (
			);
			inputPaths = (
			);
			name = "Embed Pods Frameworks";
			outputPaths = (
			);
			runOnlyForDeploymentPostprocessing = 0;
			shellPath = /bin/sh;
			shellScript = "\"${SRCROOT}/Pods/Target Support Files/Pods/Pods-frameworks.sh\"\n";
			showEnvVarsInLog = 0;
		};
		2C5B3C107F3C4C031F9CA118 /* Check Pods Manifest.lock */ = {
			isa = PBXShellScriptBuildPhase;
			buildActionMask = 2147483647;
			files = (
			);
			inputPaths = (
			);
			name = "Check Pods Manifest.lock";
			outputPaths = (
			);
			runOnlyForDeploymentPostprocessing = 0;
			shellPath = /bin/sh;
			shellScript = "diff \"${PODS_ROOT}/../Podfile.lock\" \"${PODS_ROOT}/Manifest.lock\" > /dev/null\nif [[ $? != 0 ]] ; then\n    cat << EOM\nerror: The sandbox is not in sync with the Podfile.lock. Run 'pod install' or update your CocoaPods installation.\nEOM\n    exit 1\nfi\n";
			showEnvVarsInLog = 0;
		};
		48D37A0DCBC5B47A7D5E3CD5 /* Copy Pods Resources */ = {
			isa = PBXShellScriptBuildPhase;
			buildActionMask = 2147483647;
			files = (
			);
			inputPaths = (
			);
			name = "Copy Pods Resources";
			outputPaths = (
			);
			runOnlyForDeploymentPostprocessing = 0;
			shellPath = /bin/sh;
			shellScript = "\"${SRCROOT}/Pods/Target Support Files/Pods/Pods-resources.sh\"\n";
			showEnvVarsInLog = 0;
		};
/* End PBXShellScriptBuildPhase section */

/* Begin PBXSourcesBuildPhase section */
		2D2CB7FA1CE5895300A99FBD /* Sources */ = {
			isa = PBXSourcesBuildPhase;
			buildActionMask = 2147483647;
			files = (
				2D2CB8041CE5895300A99FBD /* ViewController.swift in Sources */,
				2D2CB8301CE58A2F00A99FBD /* CustomCollectionViewCell.swift in Sources */,
				2D2CB8021CE5895300A99FBD /* AppDelegate.swift in Sources */,
				2D583CF91CE5B1E0004DB51D /* CustomCollectionViewFlowLayout.swift in Sources */,
			);
			runOnlyForDeploymentPostprocessing = 0;
		};
		2D2CB80E1CE5895300A99FBD /* Sources */ = {
			isa = PBXSourcesBuildPhase;
			buildActionMask = 2147483647;
			files = (
				2D2CB8171CE5895300A99FBD /* _4_Custom_Collection_ViewTests.swift in Sources */,
			);
			runOnlyForDeploymentPostprocessing = 0;
		};
		2D2CB8191CE5895300A99FBD /* Sources */ = {
			isa = PBXSourcesBuildPhase;
			buildActionMask = 2147483647;
			files = (
				2D2CB8221CE5895300A99FBD /* _4_Custom_Collection_ViewUITests.swift in Sources */,
			);
			runOnlyForDeploymentPostprocessing = 0;
		};
/* End PBXSourcesBuildPhase section */

/* Begin PBXTargetDependency section */
		2D2CB8141CE5895300A99FBD /* PBXTargetDependency */ = {
			isa = PBXTargetDependency;
			target = 2D2CB7FD1CE5895300A99FBD /* 24-Custom Collection View */;
			targetProxy = 2D2CB8131CE5895300A99FBD /* PBXContainerItemProxy */;
		};
		2D2CB81F1CE5895300A99FBD /* PBXTargetDependency */ = {
			isa = PBXTargetDependency;
			target = 2D2CB7FD1CE5895300A99FBD /* 24-Custom Collection View */;
			targetProxy = 2D2CB81E1CE5895300A99FBD /* PBXContainerItemProxy */;
		};
/* End PBXTargetDependency section */

/* Begin PBXVariantGroup section */
		2D2CB8051CE5895300A99FBD /* Main.storyboard */ = {
			isa = PBXVariantGroup;
			children = (
				2D2CB8061CE5895300A99FBD /* Base */,
			);
			name = Main.storyboard;
			sourceTree = "<group>";
		};
		2D2CB80A1CE5895300A99FBD /* LaunchScreen.storyboard */ = {
			isa = PBXVariantGroup;
			children = (
				2D2CB80B1CE5895300A99FBD /* Base */,
			);
			name = LaunchScreen.storyboard;
			sourceTree = "<group>";
		};
/* End PBXVariantGroup section */

/* Begin XCBuildConfiguration section */
		2D2CB8241CE5895300A99FBD /* Debug */ = {
			isa = XCBuildConfiguration;
			buildSettings = {
				ALWAYS_SEARCH_USER_PATHS = NO;
				CLANG_ANALYZER_NONNULL = YES;
				CLANG_CXX_LANGUAGE_STANDARD = "gnu++0x";
				CLANG_CXX_LIBRARY = "libc++";
				CLANG_ENABLE_MODULES = YES;
				CLANG_ENABLE_OBJC_ARC = YES;
				CLANG_WARN_BOOL_CONVERSION = YES;
				CLANG_WARN_CONSTANT_CONVERSION = YES;
				CLANG_WARN_DIRECT_OBJC_ISA_USAGE = YES_ERROR;
				CLANG_WARN_EMPTY_BODY = YES;
				CLANG_WARN_ENUM_CONVERSION = YES;
				CLANG_WARN_INT_CONVERSION = YES;
				CLANG_WARN_OBJC_ROOT_CLASS = YES_ERROR;
				CLANG_WARN_UNREACHABLE_CODE = YES;
				CLANG_WARN__DUPLICATE_METHOD_MATCH = YES;
				"CODE_SIGN_IDENTITY[sdk=iphoneos*]" = "iPhone Developer";
				COPY_PHASE_STRIP = NO;
				DEBUG_INFORMATION_FORMAT = dwarf;
				ENABLE_STRICT_OBJC_MSGSEND = YES;
				ENABLE_TESTABILITY = YES;
				GCC_C_LANGUAGE_STANDARD = gnu99;
				GCC_DYNAMIC_NO_PIC = NO;
				GCC_NO_COMMON_BLOCKS = YES;
				GCC_OPTIMIZATION_LEVEL = 0;
				GCC_PREPROCESSOR_DEFINITIONS = (
					"DEBUG=1",
					"$(inherited)",
				);
				GCC_WARN_64_TO_32_BIT_CONVERSION = YES;
				GCC_WARN_ABOUT_RETURN_TYPE = YES_ERROR;
				GCC_WARN_UNDECLARED_SELECTOR = YES;
				GCC_WARN_UNINITIALIZED_AUTOS = YES_AGGRESSIVE;
				GCC_WARN_UNUSED_FUNCTION = YES;
				GCC_WARN_UNUSED_VARIABLE = YES;
				IPHONEOS_DEPLOYMENT_TARGET = 9.3;
				MTL_ENABLE_DEBUG_INFO = YES;
				ONLY_ACTIVE_ARCH = YES;
				SDKROOT = iphoneos;
				SWIFT_OPTIMIZATION_LEVEL = "-Onone";
			};
			name = Debug;
		};
		2D2CB8251CE5895300A99FBD /* Release */ = {
			isa = XCBuildConfiguration;
			buildSettings = {
				ALWAYS_SEARCH_USER_PATHS = NO;
				CLANG_ANALYZER_NONNULL = YES;
				CLANG_CXX_LANGUAGE_STANDARD = "gnu++0x";
				CLANG_CXX_LIBRARY = "libc++";
				CLANG_ENABLE_MODULES = YES;
				CLANG_ENABLE_OBJC_ARC = YES;
				CLANG_WARN_BOOL_CONVERSION = YES;
				CLANG_WARN_CONSTANT_CONVERSION = YES;
				CLANG_WARN_DIRECT_OBJC_ISA_USAGE = YES_ERROR;
				CLANG_WARN_EMPTY_BODY = YES;
				CLANG_WARN_ENUM_CONVERSION = YES;
				CLANG_WARN_INT_CONVERSION = YES;
				CLANG_WARN_OBJC_ROOT_CLASS = YES_ERROR;
				CLANG_WARN_UNREACHABLE_CODE = YES;
				CLANG_WARN__DUPLICATE_METHOD_MATCH = YES;
				"CODE_SIGN_IDENTITY[sdk=iphoneos*]" = "iPhone Developer";
				COPY_PHASE_STRIP = NO;
				DEBUG_INFORMATION_FORMAT = "dwarf-with-dsym";
				ENABLE_NS_ASSERTIONS = NO;
				ENABLE_STRICT_OBJC_MSGSEND = YES;
				GCC_C_LANGUAGE_STANDARD = gnu99;
				GCC_NO_COMMON_BLOCKS = YES;
				GCC_WARN_64_TO_32_BIT_CONVERSION = YES;
				GCC_WARN_ABOUT_RETURN_TYPE = YES_ERROR;
				GCC_WARN_UNDECLARED_SELECTOR = YES;
				GCC_WARN_UNINITIALIZED_AUTOS = YES_AGGRESSIVE;
				GCC_WARN_UNUSED_FUNCTION = YES;
				GCC_WARN_UNUSED_VARIABLE = YES;
				IPHONEOS_DEPLOYMENT_TARGET = 9.3;
				MTL_ENABLE_DEBUG_INFO = NO;
				SDKROOT = iphoneos;
				VALIDATE_PRODUCT = YES;
			};
			name = Release;
		};
		2D2CB8271CE5895300A99FBD /* Debug */ = {
			isa = XCBuildConfiguration;
			baseConfigurationReference = CB5A6A4A8085F2DEB3C74A7D /* Pods.debug.xcconfig */;
			buildSettings = {
				ASSETCATALOG_COMPILER_APPICON_NAME = AppIcon;
				INFOPLIST_FILE = "24-Custom Collection View/Info.plist";
				IPHONEOS_DEPLOYMENT_TARGET = 8.0;
				LD_RUNPATH_SEARCH_PATHS = "$(inherited) @executable_path/Frameworks";
				PRODUCT_BUNDLE_IDENTIFIER = "-7Life.-4-Custom-Collection-View";
				PRODUCT_NAME = "$(TARGET_NAME)";
			};
			name = Debug;
		};
		2D2CB8281CE5895300A99FBD /* Release */ = {
			isa = XCBuildConfiguration;
			baseConfigurationReference = 8828F667EA07D110C865C2C5 /* Pods.release.xcconfig */;
			buildSettings = {
				ASSETCATALOG_COMPILER_APPICON_NAME = AppIcon;
				INFOPLIST_FILE = "24-Custom Collection View/Info.plist";
				IPHONEOS_DEPLOYMENT_TARGET = 8.0;
				LD_RUNPATH_SEARCH_PATHS = "$(inherited) @executable_path/Frameworks";
				PRODUCT_BUNDLE_IDENTIFIER = "-7Life.-4-Custom-Collection-View";
				PRODUCT_NAME = "$(TARGET_NAME)";
			};
			name = Release;
		};
		2D2CB82A1CE5895300A99FBD /* Debug */ = {
			isa = XCBuildConfiguration;
			buildSettings = {
				BUNDLE_LOADER = "$(TEST_HOST)";
				INFOPLIST_FILE = "24-Custom Collection ViewTests/Info.plist";
				LD_RUNPATH_SEARCH_PATHS = "$(inherited) @executable_path/Frameworks @loader_path/Frameworks";
				PRODUCT_BUNDLE_IDENTIFIER = "-7Life.-4-Custom-Collection-ViewTests";
				PRODUCT_NAME = "$(TARGET_NAME)";
				TEST_HOST = "$(BUILT_PRODUCTS_DIR)/24-Custom Collection View.app/24-Custom Collection View";
			};
			name = Debug;
		};
		2D2CB82B1CE5895300A99FBD /* Release */ = {
			isa = XCBuildConfiguration;
			buildSettings = {
				BUNDLE_LOADER = "$(TEST_HOST)";
				INFOPLIST_FILE = "24-Custom Collection ViewTests/Info.plist";
				LD_RUNPATH_SEARCH_PATHS = "$(inherited) @executable_path/Frameworks @loader_path/Frameworks";
				PRODUCT_BUNDLE_IDENTIFIER = "-7Life.-4-Custom-Collection-ViewTests";
				PRODUCT_NAME = "$(TARGET_NAME)";
				TEST_HOST = "$(BUILT_PRODUCTS_DIR)/24-Custom Collection View.app/24-Custom Collection View";
			};
			name = Release;
		};
		2D2CB82D1CE5895300A99FBD /* Debug */ = {
			isa = XCBuildConfiguration;
			buildSettings = {
				INFOPLIST_FILE = "24-Custom Collection ViewUITests/Info.plist";
				LD_RUNPATH_SEARCH_PATHS = "$(inherited) @executable_path/Frameworks @loader_path/Frameworks";
				PRODUCT_BUNDLE_IDENTIFIER = "-7Life.-4-Custom-Collection-ViewUITests";
				PRODUCT_NAME = "$(TARGET_NAME)";
				TEST_TARGET_NAME = "24-Custom Collection View";
			};
			name = Debug;
		};
		2D2CB82E1CE5895300A99FBD /* Release */ = {
			isa = XCBuildConfiguration;
			buildSettings = {
				INFOPLIST_FILE = "24-Custom Collection ViewUITests/Info.plist";
				LD_RUNPATH_SEARCH_PATHS = "$(inherited) @executable_path/Frameworks @loader_path/Frameworks";
				PRODUCT_BUNDLE_IDENTIFIER = "-7Life.-4-Custom-Collection-ViewUITests";
				PRODUCT_NAME = "$(TARGET_NAME)";
				TEST_TARGET_NAME = "24-Custom Collection View";
			};
			name = Release;
		};
/* End XCBuildConfiguration section */

/* Begin XCConfigurationList section */
		2D2CB7F91CE5895300A99FBD /* Build configuration list for PBXProject "24-Custom Collection View" */ = {
			isa = XCConfigurationList;
			buildConfigurations = (
				2D2CB8241CE5895300A99FBD /* Debug */,
				2D2CB8251CE5895300A99FBD /* Release */,
			);
			defaultConfigurationIsVisible = 0;
			defaultConfigurationName = Release;
		};
		2D2CB8261CE5895300A99FBD /* Build configuration list for PBXNativeTarget "24-Custom Collection View" */ = {
			isa = XCConfigurationList;
			buildConfigurations = (
				2D2CB8271CE5895300A99FBD /* Debug */,
				2D2CB8281CE5895300A99FBD /* Release */,
			);
			defaultConfigurationIsVisible = 0;
			defaultConfigurationName = Release;
		};
		2D2CB8291CE5895300A99FBD /* Build configuration list for PBXNativeTarget "24-Custom Collection ViewTests" */ = {
			isa = XCConfigurationList;
			buildConfigurations = (
				2D2CB82A1CE5895300A99FBD /* Debug */,
				2D2CB82B1CE5895300A99FBD /* Release */,
			);
			defaultConfigurationIsVisible = 0;
			defaultConfigurationName = Release;
		};
		2D2CB82C1CE5895300A99FBD /* Build configuration list for PBXNativeTarget "24-Custom Collection ViewUITests" */ = {
			isa = XCConfigurationList;
			buildConfigurations = (
				2D2CB82D1CE5895300A99FBD /* Debug */,
				2D2CB82E1CE5895300A99FBD /* Release */,
			);
			defaultConfigurationIsVisible = 0;
			defaultConfigurationName = Release;
		};
/* End XCConfigurationList section */
	};
	rootObject = 2D2CB7F61CE5895300A99FBD /* Project object */;
}
